
Microsoft Visual Studio Solution File, Format Version 12.00
# Visual Studio 15
VisualStudioVersion = 15.0.28010.2003
MinimumVisualStudioVersion = 10.0.40219.1
Project("{FAE04EC0-301F-11D3-BF4B-00C04F79EFBC}") = "BlazorServerSideDemo.Server", "BlazorServerSideDemo.Server\BlazorServerSideDemo.Server.csproj", "{A790ECD2-70A5-4D17-9A5D-2C279956CFD6}"
EndProject
Project("{FAE04EC0-301F-11D3-BF4B-00C04F79EFBC}") = "BlazorServerSideDemo.App", "BlazorServerSideDemo.App\BlazorServerSideDemo.App.csproj", "{C831B758-C498-45CE-882E-FC9FC42915F5}"
EndProject
Global
	GlobalSection(SolutionConfigurationPlatforms) = preSolution
		Debug|Any CPU = Debug|Any CPU
		Release|Any CPU = Release|Any CPU
	EndGlobalSection
	GlobalSection(ProjectConfigurationPlatforms) = postSolution
		{A790ECD2-70A5-4D17-9A5D-2C279956CFD6}.Debug|Any CPU.ActiveCfg = Debug|Any CPU
		{A790ECD2-70A5-4D17-9A5D-2C279956CFD6}.Debug|Any CPU.Build.0 = Debug|Any CPU
		{A790ECD2-70A5-4D17-9A5D-2C279956CFD6}.Release|Any CPU.ActiveCfg = Release|Any CPU
		{A790ECD2-70A5-4D17-9A5D-2C279956CFD6}.Release|Any CPU.Build.0 = Release|Any CPU
		{C831B758-C498-45CE-882E-FC9FC42915F5}.Debug|Any CPU.ActiveCfg = Debug|Any CPU
		{C831B758-C498-45CE-882E-FC9FC42915F5}.Debug|Any CPU.Build.0 = Debug|Any CPU
		{C831B758-C498-45CE-882E-FC9FC42915F5}.Release|Any CPU.ActiveCfg = Release|Any CPU
		{C831B758-C498-45CE-882E-FC9FC42915F5}.Release|Any CPU.Build.0 = Release|Any CPU
	EndGlobalSection
	GlobalSection(SolutionProperties) = preSolution
		HideSolutionNode = FALSE
	EndGlobalSection
	GlobalSection(ExtensibilityGlobals) = postSolution
		SolutionGuid = {6EB852D1-EF33-4FB9-93ED-27E9242719BE}
	EndGlobalSection
EndGlobal
